// !$*UTF8*$!
{
	archiveVersion = 1;
	classes = {
	};
	objectVersion = 55;
	objects = {

/* Begin PBXBuildFile section */
		7656E63728715CEC00163674 /* Tests_iOS.swift in Sources */ = {isa = PBXBuildFile; fileRef = 7656E63628715CEC00163674 /* Tests_iOS.swift */; };
		7656E63928715CEC00163674 /* Tests_iOSLaunchTests.swift in Sources */ = {isa = PBXBuildFile; fileRef = 7656E63828715CEC00163674 /* Tests_iOSLaunchTests.swift */; };
		7656E64328715CEC00163674 /* Tests_macOS.swift in Sources */ = {isa = PBXBuildFile; fileRef = 7656E64228715CEC00163674 /* Tests_macOS.swift */; };
		7656E64528715CEC00163674 /* Tests_macOSLaunchTests.swift in Sources */ = {isa = PBXBuildFile; fileRef = 7656E64428715CEC00163674 /* Tests_macOSLaunchTests.swift */; };
		7656E64628715CEC00163674 /* jankenApp.swift in Sources */ = {isa = PBXBuildFile; fileRef = 7656E61E28715CE900163674 /* jankenApp.swift */; };
		7656E64728715CEC00163674 /* jankenApp.swift in Sources */ = {isa = PBXBuildFile; fileRef = 7656E61E28715CE900163674 /* jankenApp.swift */; };
		7656E64828715CEC00163674 /* ContentView.swift in Sources */ = {isa = PBXBuildFile; fileRef = 7656E61F28715CE900163674 /* ContentView.swift */; };
		7656E64928715CEC00163674 /* ContentView.swift in Sources */ = {isa = PBXBuildFile; fileRef = 7656E61F28715CE900163674 /* ContentView.swift */; };
		7656E64A28715CEC00163674 /* Assets.xcassets in Resources */ = {isa = PBXBuildFile; fileRef = 7656E62028715CEC00163674 /* Assets.xcassets */; };
		7656E64B28715CEC00163674 /* Assets.xcassets in Resources */ = {isa = PBXBuildFile; fileRef = 7656E62028715CEC00163674 /* Assets.xcassets */; };
/* End PBXBuildFile section */

/* Begin PBXContainerItemProxy section */
		7656E63328715CEC00163674 /* PBXContainerItemProxy */ = {
			isa = PBXContainerItemProxy;
			containerPortal = 7656E61928715CE800163674 /* Project object */;
			proxyType = 1;
			remoteGlobalIDString = 7656E62428715CEC00163674;
			remoteInfo = "janken (iOS)";
		};
		7656E63F28715CEC00163674 /* PBXContainerItemProxy */ = {
			isa = PBXContainerItemProxy;
			containerPortal = 7656E61928715CE800163674 /* Project object */;
			proxyType = 1;
			remoteGlobalIDString = 7656E62A28715CEC00163674;
			remoteInfo = "janken (macOS)";
		};
/* End PBXContainerItemProxy section */

/* Begin PBXFileReference section */
		7656E61E28715CE900163674 /* jankenApp.swift */ = {isa = PBXFileReference; lastKnownFileType = sourcecode.swift; path = jankenApp.swift; sourceTree = "<group>"; };
		7656E61F28715CE900163674 /* ContentView.swift */ = {isa = PBXFileReference; lastKnownFileType = sourcecode.swift; path = ContentView.swift; sourceTree = "<group>"; };
		7656E62028715CEC00163674 /* Assets.xcassets */ = {isa = PBXFileReference; lastKnownFileType = folder.assetcatalog; path = Assets.xcassets; sourceTree = "<group>"; };
		7656E62528715CEC00163674 /* janken.app */ = {isa = PBXFileReference; explicitFileType = wrapper.application; includeInIndex = 0; path = janken.app; sourceTree = BUILT_PRODUCTS_DIR; };
		7656E62B28715CEC00163674 /* janken.app */ = {isa = PBXFileReference; explicitFileType = wrapper.application; includeInIndex = 0; path = janken.app; sourceTree = BUILT_PRODUCTS_DIR; };
		7656E62D28715CEC00163674 /* macOS.entitlements */ = {isa = PBXFileReference; lastKnownFileType = text.plist.entitlements; path = macOS.entitlements; sourceTree = "<group>"; };
		7656E63228715CEC00163674 /* Tests iOS.xctest */ = {isa = PBXFileReference; explicitFileType = wrapper.cfbundle; includeInIndex = 0; path = "Tests iOS.xctest"; sourceTree = BUILT_PRODUCTS_DIR; };
		7656E63628715CEC00163674 /* Tests_iOS.swift */ = {isa = PBXFileReference; lastKnownFileType = sourcecode.swift; path = Tests_iOS.swift; sourceTree = "<group>"; };
		7656E63828715CEC00163674 /* Tests_iOSLaunchTests.swift */ = {isa = PBXFileReference; lastKnownFileType = sourcecode.swift; path = Tests_iOSLaunchTests.swift; sourceTree = "<group>"; };
		7656E63E28715CEC00163674 /* Tests macOS.xctest */ = {isa = PBXFileReference; explicitFileType = wrapper.cfbundle; includeInIndex = 0; path = "Tests macOS.xctest"; sourceTree = BUILT_PRODUCTS_DIR; };
		7656E64228715CEC00163674 /* Tests_macOS.swift */ = {isa = PBXFileReference; lastKnownFileType = sourcecode.swift; path = Tests_macOS.swift; sourceTree = "<group>"; };
		7656E64428715CEC00163674 /* Tests_macOSLaunchTests.swift */ = {isa = PBXFileReference; lastKnownFileType = sourcecode.swift; path = Tests_macOSLaunchTests.swift; sourceTree = "<group>"; };
/* End PBXFileReference section */

/* Begin PBXFrameworksBuildPhase section */
		7656E62228715CEC00163674 /* Frameworks */ = {
			isa = PBXFrameworksBuildPhase;
			buildActionMask = 2147483647;
			files = (
			);
			runOnlyForDeploymentPostprocessing = 0;
		};
		7656E62828715CEC00163674 /* Frameworks */ = {
			isa = PBXFrameworksBuildPhase;
			buildActionMask = 2147483647;
			files = (
			);
			runOnlyForDeploymentPostprocessing = 0;
		};
		7656E62F28715CEC00163674 /* Frameworks */ = {
			isa = PBXFrameworksBuildPhase;
			buildActionMask = 2147483647;
			files = (
			);
			runOnlyForDeploymentPostprocessing = 0;
		};
		7656E63B28715CEC00163674 /* Frameworks */ = {
			isa = PBXFrameworksBuildPhase;
			buildActionMask = 2147483647;
			files = (
			);
			runOnlyForDeploymentPostprocessing = 0;
		};
/* End PBXFrameworksBuildPhase section */

/* Begin PBXGroup section */
		7656E61828715CE800163674 = {
			isa = PBXGroup;
			children = (
				7656E61D28715CE900163674 /* Shared */,
				7656E62C28715CEC00163674 /* macOS */,
				7656E63528715CEC00163674 /* Tests iOS */,
				7656E64128715CEC00163674 /* Tests macOS */,
				7656E62628715CEC00163674 /* Products */,
			);
			sourceTree = "<group>";
		};
		7656E61D28715CE900163674 /* Shared */ = {
			isa = PBXGroup;
			children = (
				7656E61E28715CE900163674 /* jankenApp.swift */,
				7656E61F28715CE900163674 /* ContentView.swift */,
				7656E62028715CEC00163674 /* Assets.xcassets */,
			);
			path = Shared;
			sourceTree = "<group>";
		};
		7656E62628715CEC00163674 /* Products */ = {
			isa = PBXGroup;
			children = (
				7656E62528715CEC00163674 /* janken.app */,
				7656E62B28715CEC00163674 /* janken.app */,
				7656E63228715CEC00163674 /* Tests iOS.xctest */,
				7656E63E28715CEC00163674 /* Tests macOS.xctest */,
			);
			name = Products;
			sourceTree = "<group>";
		};
		7656E62C28715CEC00163674 /* macOS */ = {
			isa = PBXGroup;
			children = (
				7656E62D28715CEC00163674 /* macOS.entitlements */,
			);
			path = macOS;
			sourceTree = "<group>";
		};
		7656E63528715CEC00163674 /* Tests iOS */ = {
			isa = PBXGroup;
			children = (
				7656E63628715CEC00163674 /* Tests_iOS.swift */,
				7656E63828715CEC00163674 /* Tests_iOSLaunchTests.swift */,
			);
			path = "Tests iOS";
			sourceTree = "<group>";
		};
		7656E64128715CEC00163674 /* Tests macOS */ = {
			isa = PBXGroup;
			children = (
				7656E64228715CEC00163674 /* Tests_macOS.swift */,
				7656E64428715CEC00163674 /* Tests_macOSLaunchTests.swift */,
			);
			path = "Tests macOS";
			sourceTree = "<group>";
		};
/* End PBXGroup section */

/* Begin PBXNativeTarget section */
		7656E62428715CEC00163674 /* janken (iOS) */ = {
			isa = PBXNativeTarget;
			buildConfigurationList = 7656E64E28715CEC00163674 /* Build configuration list for PBXNativeTarget "janken (iOS)" */;
			buildPhases = (
				7656E62128715CEC00163674 /* Sources */,
				7656E62228715CEC00163674 /* Frameworks */,
				7656E62328715CEC00163674 /* Resources */,
			);
			buildRules = (
			);
			dependencies = (
			);
			name = "janken (iOS)";
			productName = "janken (iOS)";
			productReference = 7656E62528715CEC00163674 /* janken.app */;
			productType = "com.apple.product-type.application";
		};
		7656E62A28715CEC00163674 /* janken (macOS) */ = {
			isa = PBXNativeTarget;
			buildConfigurationList = 7656E65128715CEC00163674 /* Build configuration list for PBXNativeTarget "janken (macOS)" */;
			buildPhases = (
				7656E62728715CEC00163674 /* Sources */,
				7656E62828715CEC00163674 /* Frameworks */,
				7656E62928715CEC00163674 /* Resources */,
			);
			buildRules = (
			);
			dependencies = (
			);
			name = "janken (macOS)";
			productName = "janken (macOS)";
			productReference = 7656E62B28715CEC00163674 /* janken.app */;
			productType = "com.apple.product-type.application";
		};
		7656E63128715CEC00163674 /* Tests iOS */ = {
			isa = PBXNativeTarget;
			buildConfigurationList = 7656E65428715CEC00163674 /* Build configuration list for PBXNativeTarget "Tests iOS" */;
			buildPhases = (
				7656E62E28715CEC00163674 /* Sources */,
				7656E62F28715CEC00163674 /* Frameworks */,
				7656E63028715CEC00163674 /* Resources */,
			);
			buildRules = (
			);
			dependencies = (
				7656E63428715CEC00163674 /* PBXTargetDependency */,
			);
			name = "Tests iOS";
			productName = "Tests iOS";
			productReference = 7656E63228715CEC00163674 /* Tests iOS.xctest */;
			productType = "com.apple.product-type.bundle.ui-testing";
		};
		7656E63D28715CEC00163674 /* Tests macOS */ = {
			isa = PBXNativeTarget;
			buildConfigurationList = 7656E65728715CEC00163674 /* Build configuration list for PBXNativeTarget "Tests macOS" */;
			buildPhases = (
				7656E63A28715CEC00163674 /* Sources */,
				7656E63B28715CEC00163674 /* Frameworks */,
				7656E63C28715CEC00163674 /* Resources */,
			);
			buildRules = (
			);
			dependencies = (
				7656E64028715CEC00163674 /* PBXTargetDependency */,
			);
			name = "Tests macOS";
			productName = "Tests macOS";
			productReference = 7656E63E28715CEC00163674 /* Tests macOS.xctest */;
			productType = "com.apple.product-type.bundle.ui-testing";
		};
/* End PBXNativeTarget section */

/* Begin PBXProject section */
		7656E61928715CE800163674 /* Project object */ = {
			isa = PBXProject;
			attributes = {
				BuildIndependentTargetsInParallel = 1;
				LastSwiftUpdateCheck = 1340;
				LastUpgradeCheck = 1340;
				TargetAttributes = {
					7656E62428715CEC00163674 = {
						CreatedOnToolsVersion = 13.4.1;
					};
					7656E62A28715CEC00163674 = {
						CreatedOnToolsVersion = 13.4.1;
					};
					7656E63128715CEC00163674 = {
						CreatedOnToolsVersion = 13.4.1;
						TestTargetID = 7656E62428715CEC00163674;
					};
					7656E63D28715CEC00163674 = {
						CreatedOnToolsVersion = 13.4.1;
						TestTargetID = 7656E62A28715CEC00163674;
					};
				};
			};
			buildConfigurationList = 7656E61C28715CE800163674 /* Build configuration list for PBXProject "janken" */;
			compatibilityVersion = "Xcode 13.0";
			developmentRegion = en;
			hasScannedForEncodings = 0;
			knownRegions = (
				en,
				Base,
			);
			mainGroup = 7656E61828715CE800163674;
			productRefGroup = 7656E62628715CEC00163674 /* Products */;
			projectDirPath = "";
			projectRoot = "";
			targets = (
				7656E62428715CEC00163674 /* janken (iOS) */,
				7656E62A28715CEC00163674 /* janken (macOS) */,
				7656E63128715CEC00163674 /* Tests iOS */,
				7656E63D28715CEC00163674 /* Tests macOS */,
			);
		};
/* End PBXProject section */

/* Begin PBXResourcesBuildPhase section */
		7656E62328715CEC00163674 /* Resources */ = {
			isa = PBXResourcesBuildPhase;
			buildActionMask = 2147483647;
			files = (
				7656E64A28715CEC00163674 /* Assets.xcassets in Resources */,
			);
			runOnlyForDeploymentPostprocessing = 0;
		};
		7656E62928715CEC00163674 /* Resources */ = {
			isa = PBXResourcesBuildPhase;
			buildActionMask = 2147483647;
			files = (
				7656E64B28715CEC00163674 /* Assets.xcassets in Resources */,
			);
			runOnlyForDeploymentPostprocessing = 0;
		};
		7656E63028715CEC00163674 /* Resources */ = {
			isa = PBXResourcesBuildPhase;
			buildActionMask = 2147483647;
			files = (
			);
			runOnlyForDeploymentPostprocessing = 0;
		};
		7656E63C28715CEC00163674 /* Resources */ = {
			isa = PBXResourcesBuildPhase;
			buildActionMask = 2147483647;
			files = (
			);
			runOnlyForDeploymentPostprocessing = 0;
		};
/* End PBXResourcesBuildPhase section */

/* Begin PBXSourcesBuildPhase section */
		7656E62128715CEC00163674 /* Sources */ = {
			isa = PBXSourcesBuildPhase;
			buildActionMask = 2147483647;
			files = (
				7656E64828715CEC00163674 /* ContentView.swift in Sources */,
				7656E64628715CEC00163674 /* jankenApp.swift in Sources */,
			);
			runOnlyForDeploymentPostprocessing = 0;
		};
		7656E62728715CEC00163674 /* Sources */ = {
			isa = PBXSourcesBuildPhase;
			buildActionMask = 2147483647;
			files = (
				7656E64928715CEC00163674 /* ContentView.swift in Sources */,
				7656E64728715CEC00163674 /* jankenApp.swift in Sources */,
			);
			runOnlyForDeploymentPostprocessing = 0;
		};
		7656E62E28715CEC00163674 /* Sources */ = {
			isa = PBXSourcesBuildPhase;
			buildActionMask = 2147483647;
			files = (
				7656E63928715CEC00163674 /* Tests_iOSLaunchTests.swift in Sources */,
				7656E63728715CEC00163674 /* Tests_iOS.swift in Sources */,
			);
			runOnlyForDeploymentPostprocessing = 0;
		};
		7656E63A28715CEC00163674 /* Sources */ = {
			isa = PBXSourcesBuildPhase;
			buildActionMask = 2147483647;
			files = (
				7656E64528715CEC00163674 /* Tests_macOSLaunchTests.swift in Sources */,
				7656E64328715CEC00163674 /* Tests_macOS.swift in Sources */,
			);
			runOnlyForDeploymentPostprocessing = 0;
		};
/* End PBXSourcesBuildPhase section */

/* Begin PBXTargetDependency section */
		7656E63428715CEC00163674 /* PBXTargetDependency */ = {
			isa = PBXTargetDependency;
			target = 7656E62428715CEC00163674 /* janken (iOS) */;
			targetProxy = 7656E63328715CEC00163674 /* PBXContainerItemProxy */;
		};
		7656E64028715CEC00163674 /* PBXTargetDependency */ = {
			isa = PBXTargetDependency;
			target = 7656E62A28715CEC00163674 /* janken (macOS) */;
			targetProxy = 7656E63F28715CEC00163674 /* PBXContainerItemProxy */;
		};
/* End PBXTargetDependency section */

/* Begin XCBuildConfiguration section */
		7656E64C28715CEC00163674 /* Debug */ = {
			isa = XCBuildConfiguration;
			buildSettings = {
				ALWAYS_SEARCH_USER_PATHS = NO;
				CLANG_ANALYZER_NONNULL = YES;
				CLANG_ANALYZER_NUMBER_OBJECT_CONVERSION = YES_AGGRESSIVE;
				CLANG_CXX_LANGUAGE_STANDARD = "gnu++17";
				CLANG_ENABLE_MODULES = YES;
				CLANG_ENABLE_OBJC_ARC = YES;
				CLANG_ENABLE_OBJC_WEAK = YES;
				CLANG_WARN_BLOCK_CAPTURE_AUTORELEASING = YES;
				CLANG_WARN_BOOL_CONVERSION = YES;
				CLANG_WARN_COMMA = YES;
				CLANG_WARN_CONSTANT_CONVERSION = YES;
				CLANG_WARN_DEPRECATED_OBJC_IMPLEMENTATIONS = YES;
				CLANG_WARN_DIRECT_OBJC_ISA_USAGE = YES_ERROR;
				CLANG_WARN_DOCUMENTATION_COMMENTS = YES;
				CLANG_WARN_EMPTY_BODY = YES;
				CLANG_WARN_ENUM_CONVERSION = YES;
				CLANG_WARN_INFINITE_RECURSION = YES;
				CLANG_WARN_INT_CONVERSION = YES;
				CLANG_WARN_NON_LITERAL_NULL_CONVERSION = YES;
				CLANG_WARN_OBJC_IMPLICIT_RETAIN_SELF = YES;
				CLANG_WARN_OBJC_LITERAL_CONVERSION = YES;
				CLANG_WARN_OBJC_ROOT_CLASS = YES_ERROR;
				CLANG_WARN_QUOTED_INCLUDE_IN_FRAMEWORK_HEADER = YES;
				CLANG_WARN_RANGE_LOOP_ANALYSIS = YES;
				CLANG_WARN_STRICT_PROTOTYPES = YES;
				CLANG_WARN_SUSPICIOUS_MOVE = YES;
				CLANG_WARN_UNGUARDED_AVAILABILITY = YES_AGGRESSIVE;
				CLANG_WARN_UNREACHABLE_CODE = YES;
				CLANG_WARN__DUPLICATE_METHOD_MATCH = YES;
				COPY_PHASE_STRIP = NO;
				DEBUG_INFORMATION_FORMAT = dwarf;
				ENABLE_STRICT_OBJC_MSGSEND = YES;
				ENABLE_TESTABILITY = YES;
				GCC_C_LANGUAGE_STANDARD = gnu11;
				GCC_DYNAMIC_NO_PIC = NO;
				GCC_NO_COMMON_BLOCKS = YES;
				GCC_OPTIMIZATION_LEVEL = 0;
				GCC_PREPROCESSOR_DEFINITIONS = (
					"DEBUG=1",
					"$(inherited)",
				);
				GCC_WARN_64_TO_32_BIT_CONVERSION = YES;
				GCC_WARN_ABOUT_RETURN_TYPE = YES_ERROR;
				GCC_WARN_UNDECLARED_SELECTOR = YES;
				GCC_WARN_UNINITIALIZED_AUTOS = YES_AGGRESSIVE;
				GCC_WARN_UNUSED_FUNCTION = YES;
				GCC_WARN_UNUSED_VARIABLE = YES;
				MTL_ENABLE_DEBUG_INFO = INCLUDE_SOURCE;
				MTL_FAST_MATH = YES;
				ONLY_ACTIVE_ARCH = YES;
				SWIFT_ACTIVE_COMPILATION_CONDITIONS = DEBUG;
				SWIFT_OPTIMIZATION_LEVEL = "-Onone";
			};
			name = Debug;
		};
		7656E64D28715CEC00163674 /* Release */ = {
			isa = XCBuildConfiguration;
			buildSettings = {
				ALWAYS_SEARCH_USER_PATHS = NO;
				CLANG_ANALYZER_NONNULL = YES;
				CLANG_ANALYZER_NUMBER_OBJECT_CONVERSION = YES_AGGRESSIVE;
				CLANG_CXX_LANGUAGE_STANDARD = "gnu++17";
				CLANG_ENABLE_MODULES = YES;
				CLANG_ENABLE_OBJC_ARC = YES;
				CLANG_ENABLE_OBJC_WEAK = YES;
				CLANG_WARN_BLOCK_CAPTURE_AUTORELEASING = YES;
				CLANG_WARN_BOOL_CONVERSION = YES;
				CLANG_WARN_COMMA = YES;
				CLANG_WARN_CONSTANT_CONVERSION = YES;
				CLANG_WARN_DEPRECATED_OBJC_IMPLEMENTATIONS = YES;
				CLANG_WARN_DIRECT_OBJC_ISA_USAGE = YES_ERROR;
				CLANG_WARN_DOCUMENTATION_COMMENTS = YES;
				CLANG_WARN_EMPTY_BODY = YES;
				CLANG_WARN_ENUM_CONVERSION = YES;
				CLANG_WARN_INFINITE_RECURSION = YES;
				CLANG_WARN_INT_CONVERSION = YES;
				CLANG_WARN_NON_LITERAL_NULL_CONVERSION = YES;
				CLANG_WARN_OBJC_IMPLICIT_RETAIN_SELF = YES;
				CLANG_WARN_OBJC_LITERAL_CONVERSION = YES;
				CLANG_WARN_OBJC_ROOT_CLASS = YES_ERROR;
				CLANG_WARN_QUOTED_INCLUDE_IN_FRAMEWORK_HEADER = YES;
				CLANG_WARN_RANGE_LOOP_ANALYSIS = YES;
				CLANG_WARN_STRICT_PROTOTYPES = YES;
				CLANG_WARN_SUSPICIOUS_MOVE = YES;
				CLANG_WARN_UNGUARDED_AVAILABILITY = YES_AGGRESSIVE;
				CLANG_WARN_UNREACHABLE_CODE = YES;
				CLANG_WARN__DUPLICATE_METHOD_MATCH = YES;
				COPY_PHASE_STRIP = NO;
				DEBUG_INFORMATION_FORMAT = "dwarf-with-dsym";
				ENABLE_NS_ASSERTIONS = NO;
				ENABLE_STRICT_OBJC_MSGSEND = YES;
				GCC_C_LANGUAGE_STANDARD = gnu11;
				GCC_NO_COMMON_BLOCKS = YES;
				GCC_WARN_64_TO_32_BIT_CONVERSION = YES;
				GCC_WARN_ABOUT_RETURN_TYPE = YES_ERROR;
				GCC_WARN_UNDECLARED_SELECTOR = YES;
				GCC_WARN_UNINITIALIZED_AUTOS = YES_AGGRESSIVE;
				GCC_WARN_UNUSED_FUNCTION = YES;
				GCC_WARN_UNUSED_VARIABLE = YES;
				MTL_ENABLE_DEBUG_INFO = NO;
				MTL_FAST_MATH = YES;
				SWIFT_COMPILATION_MODE = wholemodule;
				SWIFT_OPTIMIZATION_LEVEL = "-O";
			};
			name = Release;
		};
		7656E64F28715CEC00163674 /* Debug */ = {
			isa = XCBuildConfiguration;
			buildSettings = {
				ASSETCATALOG_COMPILER_APPICON_NAME = AppIcon;
				ASSETCATALOG_COMPILER_GLOBAL_ACCENT_COLOR_NAME = AccentColor;
				CODE_SIGN_STYLE = Automatic;
				CURRENT_PROJECT_VERSION = 1;
				ENABLE_PREVIEWS = YES;
				GENERATE_INFOPLIST_FILE = YES;
				INFOPLIST_KEY_UIApplicationSceneManifest_Generation = YES;
				INFOPLIST_KEY_UIApplicationSupportsIndirectInputEvents = YES;
				INFOPLIST_KEY_UILaunchScreen_Generation = YES;
				INFOPLIST_KEY_UISupportedInterfaceOrientations_iPad = "UIInterfaceOrientationPortrait UIInterfaceOrientationPortraitUpsideDown UIInterfaceOrientationLandscapeLeft UIInterfaceOrientationLandscapeRight";
				INFOPLIST_KEY_UISupportedInterfaceOrientations_iPhone = "UIInterfaceOrientationPortrait UIInterfaceOrientationLandscapeLeft UIInterfaceOrientationLandscapeRight";
				IPHONEOS_DEPLOYMENT_TARGET = 15.5;
				LD_RUNPATH_SEARCH_PATHS = (
					"$(inherited)",
					"@executable_path/Frameworks",
				);
				MARKETING_VERSION = 1.0;
				PRODUCT_BUNDLE_IDENTIFIER = work.yukineko.janken;
				PRODUCT_NAME = janken;
				SDKROOT = iphoneos;
				SWIFT_EMIT_LOC_STRINGS = YES;
				SWIFT_VERSION = 5.0;
				TARGETED_DEVICE_FAMILY = "1,2";
			};
			name = Debug;
		};
		7656E65028715CEC00163674 /* Release */ = {
			isa = XCBuildConfiguration;
			buildSettings = {
				ASSETCATALOG_COMPILER_APPICON_NAME = AppIcon;
				ASSETCATALOG_COMPILER_GLOBAL_ACCENT_COLOR_NAME = AccentColor;
				CODE_SIGN_STYLE = Automatic;
				CURRENT_PROJECT_VERSION = 1;
				ENABLE_PREVIEWS = YES;
				GENERATE_INFOPLIST_FILE = YES;
				INFOPLIST_KEY_UIApplicationSceneManifest_Generation = YES;
				INFOPLIST_KEY_UIApplicationSupportsIndirectInputEvents = YES;
				INFOPLIST_KEY_UILaunchScreen_Generation = YES;
				INFOPLIST_KEY_UISupportedInterfaceOrientations_iPad = "UIInterfaceOrientationPortrait UIInterfaceOrientationPortraitUpsideDown UIInterfaceOrientationLandscapeLeft UIInterfaceOrientationLandscapeRight";
				INFOPLIST_KEY_UISupportedInterfaceOrientations_iPhone = "UIInterfaceOrientationPortrait UIInterfaceOrientationLandscapeLeft UIInterfaceOrientationLandscapeRight";
				IPHONEOS_DEPLOYMENT_TARGET = 15.5;
				LD_RUNPATH_SEARCH_PATHS = (
					"$(inherited)",
					"@executable_path/Frameworks",
				);
				MARKETING_VERSION = 1.0;
				PRODUCT_BUNDLE_IDENTIFIER = work.yukineko.janken;
				PRODUCT_NAME = janken;
				SDKROOT = iphoneos;
				SWIFT_EMIT_LOC_STRINGS = YES;
				SWIFT_VERSION = 5.0;
				TARGETED_DEVICE_FAMILY = "1,2";
				VALIDATE_PRODUCT = YES;
			};
			name = Release;
		};
		7656E65228715CEC00163674 /* Debug */ = {
			isa = XCBuildConfiguration;
			buildSettings = {
				ASSETCATALOG_COMPILER_APPICON_NAME = AppIcon;
				ASSETCATALOG_COMPILER_GLOBAL_ACCENT_COLOR_NAME = AccentColor;
				CODE_SIGN_ENTITLEMENTS = macOS/macOS.entitlements;
				CODE_SIGN_STYLE = Automatic;
				COMBINE_HIDPI_IMAGES = YES;
				CURRENT_PROJECT_VERSION = 1;
				ENABLE_PREVIEWS = YES;
				GENERATE_INFOPLIST_FILE = YES;
				INFOPLIST_KEY_NSHumanReadableCopyright = "";
				LD_RUNPATH_SEARCH_PATHS = (
					"$(inherited)",
					"@executable_path/../Frameworks",
				);
				MACOSX_DEPLOYMENT_TARGET = 12.3;
				MARKETING_VERSION = 1.0;
				PRODUCT_BUNDLE_IDENTIFIER = work.yukineko.janken;
				PRODUCT_NAME = janken;
				SDKROOT = macosx;
				SWIFT_EMIT_LOC_STRINGS = YES;
				SWIFT_VERSION = 5.0;
			};
			name = Debug;
		};
		7656E65328715CEC00163674 /* Release */ = {
			isa = XCBuildConfiguration;
			buildSettings = {
				ASSETCATALOG_COMPILER_APPICON_NAME = AppIcon;
				ASSETCATALOG_COMPILER_GLOBAL_ACCENT_COLOR_NAME = AccentColor;
				CODE_SIGN_ENTITLEMENTS = macOS/macOS.entitlements;
				CODE_SIGN_STYLE = Automatic;
				COMBINE_HIDPI_IMAGES = YES;
				CURRENT_PROJECT_VERSION = 1;
				ENABLE_PREVIEWS = YES;
				GENERATE_INFOPLIST_FILE = YES;
				INFOPLIST_KEY_NSHumanReadableCopyright = "";
				LD_RUNPATH_SEARCH_PATHS = (
					"$(inherited)",
					"@executable_path/../Frameworks",
				);
				MACOSX_DEPLOYMENT_TARGET = 12.3;
				MARKETING_VERSION = 1.0;
				PRODUCT_BUNDLE_IDENTIFIER = work.yukineko.janken;
				PRODUCT_NAME = janken;
				SDKROOT = macosx;
				SWIFT_EMIT_LOC_STRINGS = YES;
				SWIFT_VERSION = 5.0;
			};
			name = Release;
		};
		7656E65528715CEC00163674 /* Debug */ = {
			isa = XCBuildConfiguration;
			buildSettings = {
				ALWAYS_EMBED_SWIFT_STANDARD_LIBRARIES = YES;
				CODE_SIGN_STYLE = Automatic;
				CURRENT_PROJECT_VERSION = 1;
				GENERATE_INFOPLIST_FILE = YES;
				IPHONEOS_DEPLOYMENT_TARGET = 15.5;
				MARKETING_VERSION = 1.0;
				PRODUCT_BUNDLE_IDENTIFIER = "work.yukineko.Tests-iOS";
				PRODUCT_NAME = "$(TARGET_NAME)";
				SDKROOT = iphoneos;
				SWIFT_EMIT_LOC_STRINGS = NO;
				SWIFT_VERSION = 5.0;
				TARGETED_DEVICE_FAMILY = "1,2";
				TEST_TARGET_NAME = "janken (iOS)";
			};
			name = Debug;
		};
		7656E65628715CEC00163674 /* Release */ = {
			isa = XCBuildConfiguration;
			buildSettings = {
				ALWAYS_EMBED_SWIFT_STANDARD_LIBRARIES = YES;
				CODE_SIGN_STYLE = Automatic;
				CURRENT_PROJECT_VERSION = 1;
				GENERATE_INFOPLIST_FILE = YES;
				IPHONEOS_DEPLOYMENT_TARGET = 15.5;
				MARKETING_VERSION = 1.0;
				PRODUCT_BUNDLE_IDENTIFIER = "work.yukineko.Tests-iOS";
				PRODUCT_NAME = "$(TARGET_NAME)";
				SDKROOT = iphoneos;
				SWIFT_EMIT_LOC_STRINGS = NO;
				SWIFT_VERSION = 5.0;
				TARGETED_DEVICE_FAMILY = "1,2";
				TEST_TARGET_NAME = "janken (iOS)";
				VALIDATE_PRODUCT = YES;
			};
			name = Release;
		};
		7656E65828715CEC00163674 /* Debug */ = {
			isa = XCBuildConfiguration;
			buildSettings = {
				ALWAYS_EMBED_SWIFT_STANDARD_LIBRARIES = YES;
				CODE_SIGN_STYLE = Automatic;
				CURRENT_PROJECT_VERSION = 1;
				GENERATE_INFOPLIST_FILE = YES;
				MACOSX_DEPLOYMENT_TARGET = 12.3;
				MARKETING_VERSION = 1.0;
				PRODUCT_BUNDLE_IDENTIFIER = "work.yukineko.Tests-macOS";
				PRODUCT_NAME = "$(TARGET_NAME)";
				SDKROOT = macosx;
				SWIFT_EMIT_LOC_STRINGS = NO;
				SWIFT_VERSION = 5.0;
				TEST_TARGET_NAME = "janken (macOS)";
			};
			name = Debug;
		};
		7656E65928715CEC00163674 /* Release */ = {
			isa = XCBuildConfiguration;
			buildSettings = {
				ALWAYS_EMBED_SWIFT_STANDARD_LIBRARIES = YES;
				CODE_SIGN_STYLE = Automatic;
				CURRENT_PROJECT_VERSION = 1;
				GENERATE_INFOPLIST_FILE = YES;
				MACOSX_DEPLOYMENT_TARGET = 12.3;
				MARKETING_VERSION = 1.0;
				PRODUCT_BUNDLE_IDENTIFIER = "work.yukineko.Tests-macOS";
				PRODUCT_NAME = "$(TARGET_NAME)";
				SDKROOT = macosx;
				SWIFT_EMIT_LOC_STRINGS = NO;
				SWIFT_VERSION = 5.0;
				TEST_TARGET_NAME = "janken (macOS)";
			};
			name = Release;
		};
/* End XCBuildConfiguration section */

/* Begin XCConfigurationList section */
		7656E61C28715CE800163674 /* Build configuration list for PBXProject "janken" */ = {
			isa = XCConfigurationList;
			buildConfigurations = (
				7656E64C28715CEC00163674 /* Debug */,
				7656E64D28715CEC00163674 /* Release */,
			);
			defaultConfigurationIsVisible = 0;
			defaultConfigurationName = Release;
		};
		7656E64E28715CEC00163674 /* Build configuration list for PBXNativeTarget "janken (iOS)" */ = {
			isa = XCConfigurationList;
			buildConfigurations = (
				7656E64F28715CEC00163674 /* Debug */,
				7656E65028715CEC00163674 /* Release */,
			);
			defaultConfigurationIsVisible = 0;
			defaultConfigurationName = Release;
		};
		7656E65128715CEC00163674 /* Build configuration list for PBXNativeTarget "janken (macOS)" */ = {
			isa = XCConfigurationList;
			buildConfigurations = (
				7656E65228715CEC00163674 /* Debug */,
				7656E65328715CEC00163674 /* Release */,
			);
			defaultConfigurationIsVisible = 0;
			defaultConfigurationName = Release;
		};
		7656E65428715CEC00163674 /* Build configuration list for PBXNativeTarget "Tests iOS" */ = {
			isa = XCConfigurationList;
			buildConfigurations = (
				7656E65528715CEC00163674 /* Debug */,
				7656E65628715CEC00163674 /* Release */,
			);
			defaultConfigurationIsVisible = 0;
			defaultConfigurationName = Release;
		};
		7656E65728715CEC00163674 /* Build configuration list for PBXNativeTarget "Tests macOS" */ = {
			isa = XCConfigurationList;
			buildConfigurations = (
				7656E65828715CEC00163674 /* Debug */,
				7656E65928715CEC00163674 /* Release */,
			);
			defaultConfigurationIsVisible = 0;
			defaultConfigurationName = Release;
		};
/* End XCConfigurationList section */
	};
	rootObject = 7656E61928715CE800163674 /* Project object */;
}
